hash: 30f8e730596188dfa6bfbad91f67bc1cc41583d192df49aa16ed18d9d633a4c1
updated: 2017-09-18T21:50:00.800202992-04:00
imports:
- name: github.com/ailncode/gluaxmlpath
  version: 6ce478ecb4a60c4fc8929838e0b21b7fb7ca7440
- name: github.com/cjoudrey/gluahttp
  version: b4bfe0c50fea948dcbf3966e120996d6607bbd89
- name: github.com/cjoudrey/gluaurl
  version: 31cbb9bef199454415879f2e6d609d1136d60cad
- name: github.com/kohkimakimoto/gluayaml
  version: 6fe413d49d73d785510ecf1529991ab0573e96c7
- name: github.com/mitchellh/mapstructure
  version: d0303fe809921458f417bcf828397a65db30a7e4
- name: github.com/yuin/gluamapper
  version: d836955830e75240d46ce9f0e6d148d94f2e1d3a
- name: github.com/yuin/gluare
  version: d7c94f1a80ede93a621ed100866e6d4745ca8c22
- name: github.com/yuin/gopher-lua
  version: eb1c7299435cc746b72514f37f74a5154dfe460f
  subpackages:
  - ast
  - parse
  - pm
- name: golang.org/x/net
  version: 8351a756f30f1297fe94bbf4b767ec589c6ea6d0
  subpackages:
  - html
  - html/atom
- name: gopkg.in/xmlpath.v2
  version: 860cbeca3ebcc600db0b213c0e83ad6ce91f5739
- name: gopkg.in/yaml.v2
  version: eb3733d160e74a9c7e442f435eb3bea458e1d19f
- name: layeh.com/gopher-json
  version: c128cc74278be889c4381681712931976fe0d88b
testImports: []
